# This file was autogenerated by Stack.
# You should not edit this file by hand.
# For more information, please see the documentation at:
#   https://docs.haskellstack.org/en/stable/lock_files

packages:
- completed:
    hackage: resourcet-1.2.0@sha256:7e1ac5c7b82801ce11892a3ab79e1b4d967bcdee8e4dabc807ade8a91261c5af,1606
    pantry-tree:
      size: 647
      sha256: 7f2f35b3e4d5880fe3a7d43f3671d9a29bf3692614410ceffc2c3657c756a097
  original:
    hackage: resourcet-1.2.0@rev:0
- completed:
    hackage: conduit-1.3.0@sha256:3ce37554c6f1dcd67572074484c7961d0b65491aca1bec35bd3075777ba082e7,4963
    pantry-tree:
      size: 1956
      sha256: b51de745fcf5a5b1d4b0d958723bb6bc5328745fde063ac1f33ee6d030c97fd3
  original:
    hackage: conduit-1.3.0@rev:0
- completed:
    hackage: conduit-extra-1.3.0@sha256:a2993f5632675bd042e802392d464b39fc2fc89c7d720882b85f4f306b77a1d6,4244
    pantry-tree:
      size: 2332
      sha256: 391aef5239b1a116057780f60d4b8be60f5fe80325def0038417534b0ac2379c
  original:
    hackage: conduit-extra-1.3.0@rev:0
- completed:
    hackage: containers-0.5.11.0@sha256:28ad7337057442f75bc689315ab4ec7bdf5e6b2c39668f306672cecd82c02798,16685
    pantry-tree:
      size: 4849
      sha256: faa4e75922a28f7cfe9920c1d7ab3866b792cefcd29bf79f54cfe3b6b5f57cbf
  original:
    hackage: containers-0.5.11.0@sha256:28ad7337057442f75bc689315ab4ec7bdf5e6b2c39668f306672cecd82c02798,16685
- completed:
    hackage: typed-process-0.2.1.0@sha256:5731c4b4417797ce3a0d27a86785c29b2cc80dcccb3f2875e191a3299d3a0d5d,1626
    pantry-tree:
      size: 452
      sha256: 93c8a1c89609f4c85d6f10769fc35bd7249b5d66d33dff21395f12bae100cce9
  original:
    hackage: typed-process-0.2.1.0@rev:0
- completed:
    hackage: unliftio-0.2.4.0@sha256:ec362271f50126c63a92723b5c7586d1801ae2ed766514ebcf1f045e9554285f,2036
    pantry-tree:
      size: 1296
      sha256: 646d0f59c93b6afa86e61d591ef56195c234ad75e2569be31b5c4d25dbbd5406
  original:
    hackage: unliftio-0.2.4.0@rev:0
- completed:
    hackage: unliftio-core-0.1.1.0@sha256:b6ff4083ed814ea85fce524628bdccaad8fcaf9ccf72b5f80850bf91af559453,1032
    pantry-tree:
      size: 328
      sha256: e6f88f1b00c4175c543e7494345907acf55c922ab9513759da4e5461252f99a9
  original:
    hackage: unliftio-core-0.1.1.0@rev:0
- completed:
    hackage: http-conduit-2.3.0@sha256:7ffdbf5f3149f86aea4e948d36abad881bbd06063292b43fe2d5bec553f2fd59,2837
    pantry-tree:
      size: 784
      sha256: 57dd7f1092cd3bfa08906b533b1407eb56eee141a252ab78f3364ab195706ad0
  original:
    hackage: http-conduit-2.3.0@rev:0
- completed:
    hackage: basic-prelude-0.7.0@sha256:efe61aec70e6f523435d46fcd18587f28febbb1bc7d20d20e5aa249d93ed9e96,1251
    pantry-tree:
      size: 377
      sha256: c32802b5ecbd49d0c73f3302ada16aeb33e55d9be49e38c84fb4bd700aae9fb8
  original:
    hackage: basic-prelude-0.7.0@rev:0
- completed:
    hackage: gauge-0.2.1@sha256:b93b196a599d495306a3a0bc0e8c415aae613f868b748089852f818c6d7afc44,4852
    pantry-tree:
      size: 3745
      sha256: cdf1d115ca6db15189f9faa4b78a9ff2fe1f6780a72b91b2a667773bc8c58073
  original:
    hackage: gauge-0.2.1@rev:0
- completed:
    hackage: basement-0.0.6@sha256:4a74e888df45f518a0f2b93e440d982e8453fe4c0efc45dcdd7fa982fd7acb59,5675
    pantry-tree:
      size: 6026
      sha256: 101570ebef31c4ace1309661a087ca710f89c924ff8dbb8eb53ebc53d2a69b8a
  original:
    hackage: basement-0.0.6@rev:0
- completed:
    hackage: binary-0.8.7.0@sha256:ae3e6cca723ac55c54bbb3fa771bcf18142bc727afd57818e66d6ee6c8044f12,7705
    pantry-tree:
      size: 1976
      sha256: 35e44b6d3ccf0d56fc5407dc3f0895e74696a66da189afbd65973c95743f5e25
  original:
    hackage: binary-0.8.7.0@sha256:ae3e6cca723ac55c54bbb3fa771bcf18142bc727afd57818e66d6ee6c8044f12,7705
snapshots:
- completed:
    size: 535260
    url: https://raw.githubusercontent.com/commercialhaskell/stackage-snapshots/master/lts/9/9.yaml
    sha256: 19713287614a8a7567eae3ab5da11fde0ff68ff0e0ab49fc42ce582a00b7ad73
  original: lts-9.9
